// !$*UTF8*$!
{
	archiveVersion = 1;
	classes = {
	};
	objectVersion = 55;
	objects = {

/* Begin PBXBuildFile section */
		05556BA39058F91C8263E65D /* Pods_EasyManageFiles.framework in Frameworks */ = {isa = PBXBuildFile; fileRef = 57C75836701CDCE3078F572A /* Pods_EasyManageFiles.framework */; };
		931492512896BBD800C0394B /* RealmManager.swift in Sources */ = {isa = PBXBuildFile; fileRef = 9314924F2896BBD800C0394B /* RealmManager.swift */; };
		931492542896D8AE00C0394B /* PropertyWapper.swift in Sources */ = {isa = PBXBuildFile; fileRef = 931492532896D8AD00C0394B /* PropertyWapper.swift */; };
		93A4914E2895538700B1B69F /* EasyManageFiles.docc in Sources */ = {isa = PBXBuildFile; fileRef = 93A4914D2895538700B1B69F /* EasyManageFiles.docc */; };
		93A491542895538700B1B69F /* EasyManageFiles.framework in Frameworks */ = {isa = PBXBuildFile; fileRef = 93A491492895538700B1B69F /* EasyManageFiles.framework */; };
		93A491592895538700B1B69F /* EasyManageFilesTests.swift in Sources */ = {isa = PBXBuildFile; fileRef = 93A491582895538700B1B69F /* EasyManageFilesTests.swift */; };
		93A4915A2895538700B1B69F /* EasyManageFiles.h in Headers */ = {isa = PBXBuildFile; fileRef = 93A4914C2895538700B1B69F /* EasyManageFiles.h */; settings = {ATTRIBUTES = (Public, ); }; };
		93A4A5C4289629CF00909C15 /* EasyManageFiles.swift in Sources */ = {isa = PBXBuildFile; fileRef = 93A4A5C3289629CF00909C15 /* EasyManageFiles.swift */; };
		93A4A5C628962BB300909C15 /* URL+Extension.swift in Sources */ = {isa = PBXBuildFile; fileRef = 93A4A5C528962BB300909C15 /* URL+Extension.swift */; };
		93AD65F02899603600F3D2A8 /* SongExporter.swift in Sources */ = {isa = PBXBuildFile; fileRef = 93AD65EF2899603600F3D2A8 /* SongExporter.swift */; };
		93AD65F2289969A300F3D2A8 /* RealmModel.swift in Sources */ = {isa = PBXBuildFile; fileRef = 93AD65F1289969A300F3D2A8 /* RealmModel.swift */; };
		93AD65F428996A7B00F3D2A8 /* Encode+Extension.swift in Sources */ = {isa = PBXBuildFile; fileRef = 93AD65F328996A7B00F3D2A8 /* Encode+Extension.swift */; };
		DF37454E3A4A672EC99FD92C /* Pods_EasyManageFiles_EasyManageFilesTests.framework in Frameworks */ = {isa = PBXBuildFile; fileRef = 201F3BC122B584C0077DB673 /* Pods_EasyManageFiles_EasyManageFilesTests.framework */; };
/* End PBXBuildFile section */

/* Begin PBXContainerItemProxy section */
		93A491552895538700B1B69F /* PBXContainerItemProxy */ = {
			isa = PBXContainerItemProxy;
			containerPortal = 93A491402895538700B1B69F /* Project object */;
			proxyType = 1;
			remoteGlobalIDString = 93A491482895538700B1B69F;
			remoteInfo = EasyManageFiles;
		};
/* End PBXContainerItemProxy section */

/* Begin PBXFileReference section */
		201F3BC122B584C0077DB673 /* Pods_EasyManageFiles_EasyManageFilesTests.framework */ = {isa = PBXFileReference; explicitFileType = wrapper.framework; includeInIndex = 0; path = Pods_EasyManageFiles_EasyManageFilesTests.framework; sourceTree = BUILT_PRODUCTS_DIR; };
		4AB6D90113A8FF5BC85C067C /* Pods-EasyManageFiles-EasyManageFilesTests.debug.xcconfig */ = {isa = PBXFileReference; includeInIndex = 1; lastKnownFileType = text.xcconfig; name = "Pods-EasyManageFiles-EasyManageFilesTests.debug.xcconfig"; path = "Target Support Files/Pods-EasyManageFiles-EasyManageFilesTests/Pods-EasyManageFiles-EasyManageFilesTests.debug.xcconfig"; sourceTree = "<group>"; };
		57C75836701CDCE3078F572A /* Pods_EasyManageFiles.framework */ = {isa = PBXFileReference; explicitFileType = wrapper.framework; includeInIndex = 0; path = Pods_EasyManageFiles.framework; sourceTree = BUILT_PRODUCTS_DIR; };
		9314924F2896BBD800C0394B /* RealmManager.swift */ = {isa = PBXFileReference; fileEncoding = 4; lastKnownFileType = sourcecode.swift; path = RealmManager.swift; sourceTree = "<group>"; };
		931492532896D8AD00C0394B /* PropertyWapper.swift */ = {isa = PBXFileReference; lastKnownFileType = sourcecode.swift; path = PropertyWapper.swift; sourceTree = "<group>"; };
		93A491492895538700B1B69F /* EasyManageFiles.framework */ = {isa = PBXFileReference; explicitFileType = wrapper.framework; includeInIndex = 0; path = EasyManageFiles.framework; sourceTree = BUILT_PRODUCTS_DIR; };
		93A4914C2895538700B1B69F /* EasyManageFiles.h */ = {isa = PBXFileReference; lastKnownFileType = sourcecode.c.h; path = EasyManageFiles.h; sourceTree = "<group>"; };
		93A4914D2895538700B1B69F /* EasyManageFiles.docc */ = {isa = PBXFileReference; lastKnownFileType = folder.documentationcatalog; path = EasyManageFiles.docc; sourceTree = "<group>"; };
		93A491532895538700B1B69F /* EasyManageFilesTests.xctest */ = {isa = PBXFileReference; explicitFileType = wrapper.cfbundle; includeInIndex = 0; path = EasyManageFilesTests.xctest; sourceTree = BUILT_PRODUCTS_DIR; };
		93A491582895538700B1B69F /* EasyManageFilesTests.swift */ = {isa = PBXFileReference; lastKnownFileType = sourcecode.swift; path = EasyManageFilesTests.swift; sourceTree = "<group>"; };
		93A4A5C3289629CF00909C15 /* EasyManageFiles.swift */ = {isa = PBXFileReference; lastKnownFileType = sourcecode.swift; path = EasyManageFiles.swift; sourceTree = "<group>"; };
		93A4A5C528962BB300909C15 /* URL+Extension.swift */ = {isa = PBXFileReference; fileEncoding = 4; lastKnownFileType = sourcecode.swift; path = "URL+Extension.swift"; sourceTree = "<group>"; };
		93AD65EF2899603600F3D2A8 /* SongExporter.swift */ = {isa = PBXFileReference; fileEncoding = 4; lastKnownFileType = sourcecode.swift; path = SongExporter.swift; sourceTree = "<group>"; };
		93AD65F1289969A300F3D2A8 /* RealmModel.swift */ = {isa = PBXFileReference; lastKnownFileType = sourcecode.swift; path = RealmModel.swift; sourceTree = "<group>"; };
		93AD65F328996A7B00F3D2A8 /* Encode+Extension.swift */ = {isa = PBXFileReference; fileEncoding = 4; lastKnownFileType = sourcecode.swift; path = "Encode+Extension.swift"; sourceTree = "<group>"; };
		B30A457816FCFECDEAD654A0 /* Pods-EasyManageFiles.release.xcconfig */ = {isa = PBXFileReference; includeInIndex = 1; lastKnownFileType = text.xcconfig; name = "Pods-EasyManageFiles.release.xcconfig"; path = "Target Support Files/Pods-EasyManageFiles/Pods-EasyManageFiles.release.xcconfig"; sourceTree = "<group>"; };
		CC0DC0BB0017292CF12B6E4D /* Pods-EasyManageFiles-EasyManageFilesTests.release.xcconfig */ = {isa = PBXFileReference; includeInIndex = 1; lastKnownFileType = text.xcconfig; name = "Pods-EasyManageFiles-EasyManageFilesTests.release.xcconfig"; path = "Target Support Files/Pods-EasyManageFiles-EasyManageFilesTests/Pods-EasyManageFiles-EasyManageFilesTests.release.xcconfig"; sourceTree = "<group>"; };
		F8ED02083FCF434EE6734EF4 /* Pods-EasyManageFiles.debug.xcconfig */ = {isa = PBXFileReference; includeInIndex = 1; lastKnownFileType = text.xcconfig; name = "Pods-EasyManageFiles.debug.xcconfig"; path = "Target Support Files/Pods-EasyManageFiles/Pods-EasyManageFiles.debug.xcconfig"; sourceTree = "<group>"; };
/* End PBXFileReference section */

/* Begin PBXFrameworksBuildPhase section */
		93A491462895538700B1B69F /* Frameworks */ = {
			isa = PBXFrameworksBuildPhase;
			buildActionMask = 2147483647;
			files = (
				05556BA39058F91C8263E65D /* Pods_EasyManageFiles.framework in Frameworks */,
			);
			runOnlyForDeploymentPostprocessing = 0;
		};
		93A491502895538700B1B69F /* Frameworks */ = {
			isa = PBXFrameworksBuildPhase;
			buildActionMask = 2147483647;
			files = (
				93A491542895538700B1B69F /* EasyManageFiles.framework in Frameworks */,
				DF37454E3A4A672EC99FD92C /* Pods_EasyManageFiles_EasyManageFilesTests.framework in Frameworks */,
			);
			runOnlyForDeploymentPostprocessing = 0;
		};
/* End PBXFrameworksBuildPhase section */

/* Begin PBXGroup section */
		86D46828E910DCB9E7FE6FF1 /* Pods */ = {
			isa = PBXGroup;
			children = (
				F8ED02083FCF434EE6734EF4 /* Pods-EasyManageFiles.debug.xcconfig */,
				B30A457816FCFECDEAD654A0 /* Pods-EasyManageFiles.release.xcconfig */,
				4AB6D90113A8FF5BC85C067C /* Pods-EasyManageFiles-EasyManageFilesTests.debug.xcconfig */,
				CC0DC0BB0017292CF12B6E4D /* Pods-EasyManageFiles-EasyManageFilesTests.release.xcconfig */,
			);
			path = Pods;
			sourceTree = "<group>";
		};
		93A4913F2895538700B1B69F = {
			isa = PBXGroup;
			children = (
				93A4914B2895538700B1B69F /* EasyManageFiles */,
				93A491572895538700B1B69F /* EasyManageFilesTests */,
				93A4914A2895538700B1B69F /* Products */,
				86D46828E910DCB9E7FE6FF1 /* Pods */,
				F80E39E9BE489B1B3578BAA9 /* Frameworks */,
			);
			sourceTree = "<group>";
		};
		93A4914A2895538700B1B69F /* Products */ = {
			isa = PBXGroup;
			children = (
				93A491492895538700B1B69F /* EasyManageFiles.framework */,
				93A491532895538700B1B69F /* EasyManageFilesTests.xctest */,
			);
			name = Products;
			sourceTree = "<group>";
		};
		93A4914B2895538700B1B69F /* EasyManageFiles */ = {
			isa = PBXGroup;
			children = (
				93A4914C2895538700B1B69F /* EasyManageFiles.h */,
				93A4914D2895538700B1B69F /* EasyManageFiles.docc */,
				931492532896D8AD00C0394B /* PropertyWapper.swift */,
				93A4A5C528962BB300909C15 /* URL+Extension.swift */,
				93A4A5C3289629CF00909C15 /* EasyManageFiles.swift */,
				9314924F2896BBD800C0394B /* RealmManager.swift */,
				93AD65EF2899603600F3D2A8 /* SongExporter.swift */,
				93AD65F1289969A300F3D2A8 /* RealmModel.swift */,
				93AD65F328996A7B00F3D2A8 /* Encode+Extension.swift */,
			);
			path = EasyManageFiles;
			sourceTree = "<group>";
		};
		93A491572895538700B1B69F /* EasyManageFilesTests */ = {
			isa = PBXGroup;
			children = (
				93A491582895538700B1B69F /* EasyManageFilesTests.swift */,
			);
			path = EasyManageFilesTests;
			sourceTree = "<group>";
		};
		F80E39E9BE489B1B3578BAA9 /* Frameworks */ = {
			isa = PBXGroup;
			children = (
				57C75836701CDCE3078F572A /* Pods_EasyManageFiles.framework */,
				201F3BC122B584C0077DB673 /* Pods_EasyManageFiles_EasyManageFilesTests.framework */,
			);
			name = Frameworks;
			sourceTree = "<group>";
		};
/* End PBXGroup section */

/* Begin PBXHeadersBuildPhase section */
		93A491442895538700B1B69F /* Headers */ = {
			isa = PBXHeadersBuildPhase;
			buildActionMask = 2147483647;
			files = (
				93A4915A2895538700B1B69F /* EasyManageFiles.h in Headers */,
			);
			runOnlyForDeploymentPostprocessing = 0;
		};
/* End PBXHeadersBuildPhase section */

/* Begin PBXNativeTarget section */
		93A491482895538700B1B69F /* EasyManageFiles */ = {
			isa = PBXNativeTarget;
			buildConfigurationList = 93A4915D2895538700B1B69F /* Build configuration list for PBXNativeTarget "EasyManageFiles" */;
			buildPhases = (
				B51BC11893B87B2759C46403 /* [CP] Check Pods Manifest.lock */,
				93A491442895538700B1B69F /* Headers */,
				93A491452895538700B1B69F /* Sources */,
				93A491462895538700B1B69F /* Frameworks */,
				93A491472895538700B1B69F /* Resources */,
			);
			buildRules = (
			);
			dependencies = (
			);
			name = EasyManageFiles;
			productName = EasyManageFiles;
			productReference = 93A491492895538700B1B69F /* EasyManageFiles.framework */;
			productType = "com.apple.product-type.framework";
		};
		93A491522895538700B1B69F /* EasyManageFilesTests */ = {
			isa = PBXNativeTarget;
			buildConfigurationList = 93A491602895538700B1B69F /* Build configuration list for PBXNativeTarget "EasyManageFilesTests" */;
			buildPhases = (
				B1698509989E683C9A5D2904 /* [CP] Check Pods Manifest.lock */,
				93A4914F2895538700B1B69F /* Sources */,
				93A491502895538700B1B69F /* Frameworks */,
				93A491512895538700B1B69F /* Resources */,
				4F818051E6F019F00BD27B26 /* [CP] Embed Pods Frameworks */,
			);
			buildRules = (
			);
			dependencies = (
				93A491562895538700B1B69F /* PBXTargetDependency */,
			);
			name = EasyManageFilesTests;
			productName = EasyManageFilesTests;
			productReference = 93A491532895538700B1B69F /* EasyManageFilesTests.xctest */;
			productType = "com.apple.product-type.bundle.unit-test";
		};
/* End PBXNativeTarget section */

/* Begin PBXProject section */
		93A491402895538700B1B69F /* Project object */ = {
			isa = PBXProject;
			attributes = {
				BuildIndependentTargetsInParallel = 1;
				LastSwiftUpdateCheck = 1340;
				LastUpgradeCheck = 1340;
				TargetAttributes = {
					93A491482895538700B1B69F = {
						CreatedOnToolsVersion = 13.4.1;
					};
					93A491522895538700B1B69F = {
						CreatedOnToolsVersion = 13.4.1;
					};
				};
			};
			buildConfigurationList = 93A491432895538700B1B69F /* Build configuration list for PBXProject "EasyManageFiles" */;
			compatibilityVersion = "Xcode 13.0";
			developmentRegion = en;
			hasScannedForEncodings = 0;
			knownRegions = (
				en,
				Base,
			);
			mainGroup = 93A4913F2895538700B1B69F;
			productRefGroup = 93A4914A2895538700B1B69F /* Products */;
			projectDirPath = "";
			projectRoot = "";
			targets = (
				93A491482895538700B1B69F /* EasyManageFiles */,
				93A491522895538700B1B69F /* EasyManageFilesTests */,
			);
		};
/* End PBXProject section */

/* Begin PBXResourcesBuildPhase section */
		93A491472895538700B1B69F /* Resources */ = {
			isa = PBXResourcesBuildPhase;
			buildActionMask = 2147483647;
			files = (
			);
			runOnlyForDeploymentPostprocessing = 0;
		};
		93A491512895538700B1B69F /* Resources */ = {
			isa = PBXResourcesBuildPhase;
			buildActionMask = 2147483647;
			files = (
			);
			runOnlyForDeploymentPostprocessing = 0;
		};
/* End PBXResourcesBuildPhase section */

/* Begin PBXShellScriptBuildPhase section */
		4F818051E6F019F00BD27B26 /* [CP] Embed Pods Frameworks */ = {
			isa = PBXShellScriptBuildPhase;
			buildActionMask = 2147483647;
			files = (
			);
			inputFileListPaths = (
				"${PODS_ROOT}/Target Support Files/Pods-EasyManageFiles-EasyManageFilesTests/Pods-EasyManageFiles-EasyManageFilesTests-frameworks-${CONFIGURATION}-input-files.xcfilelist",
			);
			name = "[CP] Embed Pods Frameworks";
			outputFileListPaths = (
				"${PODS_ROOT}/Target Support Files/Pods-EasyManageFiles-EasyManageFilesTests/Pods-EasyManageFiles-EasyManageFilesTests-frameworks-${CONFIGURATION}-output-files.xcfilelist",
			);
			runOnlyForDeploymentPostprocessing = 0;
			shellPath = /bin/sh;
			shellScript = "\"${PODS_ROOT}/Target Support Files/Pods-EasyManageFiles-EasyManageFilesTests/Pods-EasyManageFiles-EasyManageFilesTests-frameworks.sh\"\n";
			showEnvVarsInLog = 0;
		};
		B1698509989E683C9A5D2904 /* [CP] Check Pods Manifest.lock */ = {
			isa = PBXShellScriptBuildPhase;
			buildActionMask = 2147483647;
			files = (
			);
			inputFileListPaths = (
			);
			inputPaths = (
				"${PODS_PODFILE_DIR_PATH}/Podfile.lock",
				"${PODS_ROOT}/Manifest.lock",
			);
			name = "[CP] Check Pods Manifest.lock";
			outputFileListPaths = (
			);
			outputPaths = (
				"$(DERIVED_FILE_DIR)/Pods-EasyManageFiles-EasyManageFilesTests-checkManifestLockResult.txt",
			);
			runOnlyForDeploymentPostprocessing = 0;
			shellPath = /bin/sh;
			shellScript = "diff \"${PODS_PODFILE_DIR_PATH}/Podfile.lock\" \"${PODS_ROOT}/Manifest.lock\" > /dev/null\nif [ $? != 0 ] ; then\n    # print error to STDERR\n    echo \"error: The sandbox is not in sync with the Podfile.lock. Run 'pod install' or update your CocoaPods installation.\" >&2\n    exit 1\nfi\n# This output is used by Xcode 'outputs' to avoid re-running this script phase.\necho \"SUCCESS\" > \"${SCRIPT_OUTPUT_FILE_0}\"\n";
			showEnvVarsInLog = 0;
		};
		B51BC11893B87B2759C46403 /* [CP] Check Pods Manifest.lock */ = {
			isa = PBXShellScriptBuildPhase;
			buildActionMask = 2147483647;
			files = (
			);
			inputFileListPaths = (
			);
			inputPaths = (
				"${PODS_PODFILE_DIR_PATH}/Podfile.lock",
				"${PODS_ROOT}/Manifest.lock",
			);
			name = "[CP] Check Pods Manifest.lock";
			outputFileListPaths = (
			);
			outputPaths = (
				"$(DERIVED_FILE_DIR)/Pods-EasyManageFiles-checkManifestLockResult.txt",
			);
			runOnlyForDeploymentPostprocessing = 0;
			shellPath = /bin/sh;
			shellScript = "diff \"${PODS_PODFILE_DIR_PATH}/Podfile.lock\" \"${PODS_ROOT}/Manifest.lock\" > /dev/null\nif [ $? != 0 ] ; then\n    # print error to STDERR\n    echo \"error: The sandbox is not in sync with the Podfile.lock. Run 'pod install' or update your CocoaPods installation.\" >&2\n    exit 1\nfi\n# This output is used by Xcode 'outputs' to avoid re-running this script phase.\necho \"SUCCESS\" > \"${SCRIPT_OUTPUT_FILE_0}\"\n";
			showEnvVarsInLog = 0;
		};
/* End PBXShellScriptBuildPhase section */

/* Begin PBXSourcesBuildPhase section */
		93A491452895538700B1B69F /* Sources */ = {
			isa = PBXSourcesBuildPhase;
			buildActionMask = 2147483647;
			files = (
				93A4A5C4289629CF00909C15 /* EasyManageFiles.swift in Sources */,
				93AD65F2289969A300F3D2A8 /* RealmModel.swift in Sources */,
				931492542896D8AE00C0394B /* PropertyWapper.swift in Sources */,
				931492512896BBD800C0394B /* RealmManager.swift in Sources */,
				93AD65F02899603600F3D2A8 /* SongExporter.swift in Sources */,
				93A4914E2895538700B1B69F /* EasyManageFiles.docc in Sources */,
				93A4A5C628962BB300909C15 /* URL+Extension.swift in Sources */,
				93AD65F428996A7B00F3D2A8 /* Encode+Extension.swift in Sources */,
			);
			runOnlyForDeploymentPostprocessing = 0;
		};
		93A4914F2895538700B1B69F /* Sources */ = {
			isa = PBXSourcesBuildPhase;
			buildActionMask = 2147483647;
			files = (
				93A491592895538700B1B69F /* EasyManageFilesTests.swift in Sources */,
			);
			runOnlyForDeploymentPostprocessing = 0;
		};
/* End PBXSourcesBuildPhase section */

/* Begin PBXTargetDependency section */
		93A491562895538700B1B69F /* PBXTargetDependency */ = {
			isa = PBXTargetDependency;
			target = 93A491482895538700B1B69F /* EasyManageFiles */;
			targetProxy = 93A491552895538700B1B69F /* PBXContainerItemProxy */;
		};
/* End PBXTargetDependency section */

/* Begin XCBuildConfiguration section */
		93A4915B2895538700B1B69F /* Debug */ = {
			isa = XCBuildConfiguration;
			buildSettings = {
				ALWAYS_SEARCH_USER_PATHS = NO;
				CLANG_ANALYZER_NONNULL = YES;
				CLANG_ANALYZER_NUMBER_OBJECT_CONVERSION = YES_AGGRESSIVE;
				CLANG_CXX_LANGUAGE_STANDARD = "gnu++17";
				CLANG_ENABLE_MODULES = YES;
				CLANG_ENABLE_OBJC_ARC = YES;
				CLANG_ENABLE_OBJC_WEAK = YES;
				CLANG_WARN_BLOCK_CAPTURE_AUTORELEASING = YES;
				CLANG_WARN_BOOL_CONVERSION = YES;
				CLANG_WARN_COMMA = YES;
				CLANG_WARN_CONSTANT_CONVERSION = YES;
				CLANG_WARN_DEPRECATED_OBJC_IMPLEMENTATIONS = YES;
				CLANG_WARN_DIRECT_OBJC_ISA_USAGE = YES_ERROR;
				CLANG_WARN_DOCUMENTATION_COMMENTS = YES;
				CLANG_WARN_EMPTY_BODY = YES;
				CLANG_WARN_ENUM_CONVERSION = YES;
				CLANG_WARN_INFINITE_RECURSION = YES;
				CLANG_WARN_INT_CONVERSION = YES;
				CLANG_WARN_NON_LITERAL_NULL_CONVERSION = YES;
				CLANG_WARN_OBJC_IMPLICIT_RETAIN_SELF = YES;
				CLANG_WARN_OBJC_LITERAL_CONVERSION = YES;
				CLANG_WARN_OBJC_ROOT_CLASS = YES_ERROR;
				CLANG_WARN_QUOTED_INCLUDE_IN_FRAMEWORK_HEADER = YES;
				CLANG_WARN_RANGE_LOOP_ANALYSIS = YES;
				CLANG_WARN_STRICT_PROTOTYPES = YES;
				CLANG_WARN_SUSPICIOUS_MOVE = YES;
				CLANG_WARN_UNGUARDED_AVAILABILITY = YES_AGGRESSIVE;
				CLANG_WARN_UNREACHABLE_CODE = YES;
				CLANG_WARN__DUPLICATE_METHOD_MATCH = YES;
				COPY_PHASE_STRIP = NO;
				CURRENT_PROJECT_VERSION = 1;
				DEBUG_INFORMATION_FORMAT = dwarf;
				ENABLE_STRICT_OBJC_MSGSEND = YES;
				ENABLE_TESTABILITY = YES;
				GCC_C_LANGUAGE_STANDARD = gnu11;
				GCC_DYNAMIC_NO_PIC = NO;
				GCC_NO_COMMON_BLOCKS = YES;
				GCC_OPTIMIZATION_LEVEL = 0;
				GCC_PREPROCESSOR_DEFINITIONS = (
					"DEBUG=1",
					"$(inherited)",
				);
				GCC_WARN_64_TO_32_BIT_CONVERSION = YES;
				GCC_WARN_ABOUT_RETURN_TYPE = YES_ERROR;
				GCC_WARN_UNDECLARED_SELECTOR = YES;
				GCC_WARN_UNINITIALIZED_AUTOS = YES_AGGRESSIVE;
				GCC_WARN_UNUSED_FUNCTION = YES;
				GCC_WARN_UNUSED_VARIABLE = YES;
				IPHONEOS_DEPLOYMENT_TARGET = 13.0;
				MTL_ENABLE_DEBUG_INFO = INCLUDE_SOURCE;
				MTL_FAST_MATH = YES;
				ONLY_ACTIVE_ARCH = YES;
				SDKROOT = iphoneos;
				SWIFT_ACTIVE_COMPILATION_CONDITIONS = DEBUG;
				SWIFT_OPTIMIZATION_LEVEL = "-Onone";
				VERSIONING_SYSTEM = "apple-generic";
				VERSION_INFO_PREFIX = "";
			};
			name = Debug;
		};
		93A4915C2895538700B1B69F /* Release */ = {
			isa = XCBuildConfiguration;
			buildSettings = {
				ALWAYS_SEARCH_USER_PATHS = NO;
				CLANG_ANALYZER_NONNULL = YES;
				CLANG_ANALYZER_NUMBER_OBJECT_CONVERSION = YES_AGGRESSIVE;
				CLANG_CXX_LANGUAGE_STANDARD = "gnu++17";
				CLANG_ENABLE_MODULES = YES;
				CLANG_ENABLE_OBJC_ARC = YES;
				CLANG_ENABLE_OBJC_WEAK = YES;
				CLANG_WARN_BLOCK_CAPTURE_AUTORELEASING = YES;
				CLANG_WARN_BOOL_CONVERSION = YES;
				CLANG_WARN_COMMA = YES;
				CLANG_WARN_CONSTANT_CONVERSION = YES;
				CLANG_WARN_DEPRECATED_OBJC_IMPLEMENTATIONS = YES;
				CLANG_WARN_DIRECT_OBJC_ISA_USAGE = YES_ERROR;
				CLANG_WARN_DOCUMENTATION_COMMENTS = YES;
				CLANG_WARN_EMPTY_BODY = YES;
				CLANG_WARN_ENUM_CONVERSION = YES;
				CLANG_WARN_INFINITE_RECURSION = YES;
				CLANG_WARN_INT_CONVERSION = YES;
				CLANG_WARN_NON_LITERAL_NULL_CONVERSION = YES;
				CLANG_WARN_OBJC_IMPLICIT_RETAIN_SELF = YES;
				CLANG_WARN_OBJC_LITERAL_CONVERSION = YES;
				CLANG_WARN_OBJC_ROOT_CLASS = YES_ERROR;
				CLANG_WARN_QUOTED_INCLUDE_IN_FRAMEWORK_HEADER = YES;
				CLANG_WARN_RANGE_LOOP_ANALYSIS = YES;
				CLANG_WARN_STRICT_PROTOTYPES = YES;
				CLANG_WARN_SUSPICIOUS_MOVE = YES;
				CLANG_WARN_UNGUARDED_AVAILABILITY = YES_AGGRESSIVE;
				CLANG_WARN_UNREACHABLE_CODE = YES;
				CLANG_WARN__DUPLICATE_METHOD_MATCH = YES;
				COPY_PHASE_STRIP = NO;
				CURRENT_PROJECT_VERSION = 1;
				DEBUG_INFORMATION_FORMAT = "dwarf-with-dsym";
				ENABLE_NS_ASSERTIONS = NO;
				ENABLE_STRICT_OBJC_MSGSEND = YES;
				GCC_C_LANGUAGE_STANDARD = gnu11;
				GCC_NO_COMMON_BLOCKS = YES;
				GCC_WARN_64_TO_32_BIT_CONVERSION = YES;
				GCC_WARN_ABOUT_RETURN_TYPE = YES_ERROR;
				GCC_WARN_UNDECLARED_SELECTOR = YES;
				GCC_WARN_UNINITIALIZED_AUTOS = YES_AGGRESSIVE;
				GCC_WARN_UNUSED_FUNCTION = YES;
				GCC_WARN_UNUSED_VARIABLE = YES;
				IPHONEOS_DEPLOYMENT_TARGET = 13.0;
				MTL_ENABLE_DEBUG_INFO = NO;
				MTL_FAST_MATH = YES;
				SDKROOT = iphoneos;
				SWIFT_COMPILATION_MODE = wholemodule;
				SWIFT_OPTIMIZATION_LEVEL = "-O";
				VALIDATE_PRODUCT = YES;
				VERSIONING_SYSTEM = "apple-generic";
				VERSION_INFO_PREFIX = "";
			};
			name = Release;
		};
		93A4915E2895538700B1B69F /* Debug */ = {
			isa = XCBuildConfiguration;
			baseConfigurationReference = F8ED02083FCF434EE6734EF4 /* Pods-EasyManageFiles.debug.xcconfig */;
			buildSettings = {
				CODE_SIGN_STYLE = Automatic;
				CURRENT_PROJECT_VERSION = 1;
				DEFINES_MODULE = YES;
				DEVELOPMENT_TEAM = ZX8LBHXXZB;
				DYLIB_COMPATIBILITY_VERSION = 1;
				DYLIB_CURRENT_VERSION = 1;
				DYLIB_INSTALL_NAME_BASE = "@rpath";
				GENERATE_INFOPLIST_FILE = YES;
				INFOPLIST_KEY_NSHumanReadableCopyright = "";
				INSTALL_PATH = "$(LOCAL_LIBRARY_DIR)/Frameworks";
				IPHONEOS_DEPLOYMENT_TARGET = 13.0;
				LD_RUNPATH_SEARCH_PATHS = (
					"$(inherited)",
					"@executable_path/Frameworks",
					"@loader_path/Frameworks",
				);
				MARKETING_VERSION = 1.0;
				PRODUCT_BUNDLE_IDENTIFIER = haiphan.EasyManageFiles;
				PRODUCT_NAME = "$(TARGET_NAME:c99extidentifier)";
				SKIP_INSTALL = YES;
				SWIFT_EMIT_LOC_STRINGS = YES;
				SWIFT_VERSION = 5.0;
				TARGETED_DEVICE_FAMILY = "1,2";
			};
			name = Debug;
		};
		93A4915F2895538700B1B69F /* Release */ = {
			isa = XCBuildConfiguration;
			baseConfigurationReference = B30A457816FCFECDEAD654A0 /* Pods-EasyManageFiles.release.xcconfig */;
			buildSettings = {
				CODE_SIGN_STYLE = Automatic;
				CURRENT_PROJECT_VERSION = 1;
				DEFINES_MODULE = YES;
				DEVELOPMENT_TEAM = ZX8LBHXXZB;
				DYLIB_COMPATIBILITY_VERSION = 1;
				DYLIB_CURRENT_VERSION = 1;
				DYLIB_INSTALL_NAME_BASE = "@rpath";
				GENERATE_INFOPLIST_FILE = YES;
				INFOPLIST_KEY_NSHumanReadableCopyright = "";
				INSTALL_PATH = "$(LOCAL_LIBRARY_DIR)/Frameworks";
				IPHONEOS_DEPLOYMENT_TARGET = 13.0;
				LD_RUNPATH_SEARCH_PATHS = (
					"$(inherited)",
					"@executable_path/Frameworks",
					"@loader_path/Frameworks",
				);
				MARKETING_VERSION = 1.0;
				PRODUCT_BUNDLE_IDENTIFIER = haiphan.EasyManageFiles;
				PRODUCT_NAME = "$(TARGET_NAME:c99extidentifier)";
				SKIP_INSTALL = YES;
				SWIFT_EMIT_LOC_STRINGS = YES;
				SWIFT_VERSION = 5.0;
				TARGETED_DEVICE_FAMILY = "1,2";
			};
			name = Release;
		};
		93A491612895538700B1B69F /* Debug */ = {
			isa = XCBuildConfiguration;
			baseConfigurationReference = 4AB6D90113A8FF5BC85C067C /* Pods-EasyManageFiles-EasyManageFilesTests.debug.xcconfig */;
			buildSettings = {
				ALWAYS_EMBED_SWIFT_STANDARD_LIBRARIES = YES;
				CODE_SIGN_STYLE = Automatic;
				CURRENT_PROJECT_VERSION = 1;
				DEVELOPMENT_TEAM = ZX8LBHXXZB;
				GENERATE_INFOPLIST_FILE = YES;
				MARKETING_VERSION = 1.0;
				PRODUCT_BUNDLE_IDENTIFIER = haiphan.EasyManageFilesTests;
				PRODUCT_NAME = "$(TARGET_NAME)";
				SWIFT_EMIT_LOC_STRINGS = NO;
				SWIFT_VERSION = 5.0;
				TARGETED_DEVICE_FAMILY = "1,2";
			};
			name = Debug;
		};
		93A491622895538700B1B69F /* Release */ = {
			isa = XCBuildConfiguration;
			baseConfigurationReference = CC0DC0BB0017292CF12B6E4D /* Pods-EasyManageFiles-EasyManageFilesTests.release.xcconfig */;
			buildSettings = {
				ALWAYS_EMBED_SWIFT_STANDARD_LIBRARIES = YES;
				CODE_SIGN_STYLE = Automatic;
				CURRENT_PROJECT_VERSION = 1;
				DEVELOPMENT_TEAM = ZX8LBHXXZB;
				GENERATE_INFOPLIST_FILE = YES;
				MARKETING_VERSION = 1.0;
				PRODUCT_BUNDLE_IDENTIFIER = haiphan.EasyManageFilesTests;
				PRODUCT_NAME = "$(TARGET_NAME)";
				SWIFT_EMIT_LOC_STRINGS = NO;
				SWIFT_VERSION = 5.0;
				TARGETED_DEVICE_FAMILY = "1,2";
			};
			name = Release;
		};
/* End XCBuildConfiguration section */

/* Begin XCConfigurationList section */
		93A491432895538700B1B69F /* Build configuration list for PBXProject "EasyManageFiles" */ = {
			isa = XCConfigurationList;
			buildConfigurations = (
				93A4915B2895538700B1B69F /* Debug */,
				93A4915C2895538700B1B69F /* Release */,
			);
			defaultConfigurationIsVisible = 0;
			defaultConfigurationName = Release;
		};
		93A4915D2895538700B1B69F /* Build configuration list for PBXNativeTarget "EasyManageFiles" */ = {
			isa = XCConfigurationList;
			buildConfigurations = (
				93A4915E2895538700B1B69F /* Debug */,
				93A4915F2895538700B1B69F /* Release */,
			);
			defaultConfigurationIsVisible = 0;
			defaultConfigurationName = Release;
		};
		93A491602895538700B1B69F /* Build configuration list for PBXNativeTarget "EasyManageFilesTests" */ = {
			isa = XCConfigurationList;
			buildConfigurations = (
				93A491612895538700B1B69F /* Debug */,
				93A491622895538700B1B69F /* Release */,
			);
			defaultConfigurationIsVisible = 0;
			defaultConfigurationName = Release;
		};
/* End XCConfigurationList section */
	};
	rootObject = 93A491402895538700B1B69F /* Project object */;
}
