// !$*UTF8*$!
{
	archiveVersion = 1;
	classes = {
	};
	objectVersion = 55;
	objects = {

/* Begin PBXBuildFile section */
		93AE613D289AB2DA003E7CFA /* EasyManageFiles.docc in Sources */ = {isa = PBXBuildFile; fileRef = 93AE613C289AB2DA003E7CFA /* EasyManageFiles.docc */; };
		93AE6143289AB2DA003E7CFA /* EasyManageFiles.framework in Frameworks */ = {isa = PBXBuildFile; fileRef = 93AE6138289AB2DA003E7CFA /* EasyManageFiles.framework */; };
		93AE6148289AB2DA003E7CFA /* EasyManageFilesTests.swift in Sources */ = {isa = PBXBuildFile; fileRef = 93AE6147289AB2DA003E7CFA /* EasyManageFilesTests.swift */; };
		93AE6149289AB2DA003E7CFA /* EasyManageFiles.h in Headers */ = {isa = PBXBuildFile; fileRef = 93AE613B289AB2DA003E7CFA /* EasyManageFiles.h */; settings = {ATTRIBUTES = (Public, ); }; };
		93AE6167289AB407003E7CFA /* EasyManageFiles.swift in Sources */ = {isa = PBXBuildFile; fileRef = 93AE6166289AB407003E7CFA /* EasyManageFiles.swift */; };
/* End PBXBuildFile section */

/* Begin PBXContainerItemProxy section */
		93AE6144289AB2DA003E7CFA /* PBXContainerItemProxy */ = {
			isa = PBXContainerItemProxy;
			containerPortal = 93AE612F289AB2DA003E7CFA /* Project object */;
			proxyType = 1;
			remoteGlobalIDString = 93AE6137289AB2DA003E7CFA;
			remoteInfo = EasyManageFiles;
		};
/* End PBXContainerItemProxy section */

/* Begin PBXFileReference section */
		93AE6138289AB2DA003E7CFA /* EasyManageFiles.framework */ = {isa = PBXFileReference; explicitFileType = wrapper.framework; includeInIndex = 0; path = EasyManageFiles.framework; sourceTree = BUILT_PRODUCTS_DIR; };
		93AE613B289AB2DA003E7CFA /* EasyManageFiles.h */ = {isa = PBXFileReference; lastKnownFileType = sourcecode.c.h; path = EasyManageFiles.h; sourceTree = "<group>"; };
		93AE613C289AB2DA003E7CFA /* EasyManageFiles.docc */ = {isa = PBXFileReference; lastKnownFileType = folder.documentationcatalog; path = EasyManageFiles.docc; sourceTree = "<group>"; };
		93AE6142289AB2DA003E7CFA /* EasyManageFilesTests.xctest */ = {isa = PBXFileReference; explicitFileType = wrapper.cfbundle; includeInIndex = 0; path = EasyManageFilesTests.xctest; sourceTree = BUILT_PRODUCTS_DIR; };
		93AE6147289AB2DA003E7CFA /* EasyManageFilesTests.swift */ = {isa = PBXFileReference; lastKnownFileType = sourcecode.swift; path = EasyManageFilesTests.swift; sourceTree = "<group>"; };
		93AE6166289AB407003E7CFA /* EasyManageFiles.swift */ = {isa = PBXFileReference; lastKnownFileType = sourcecode.swift; path = EasyManageFiles.swift; sourceTree = "<group>"; };
/* End PBXFileReference section */

/* Begin PBXFrameworksBuildPhase section */
		93AE6135289AB2DA003E7CFA /* Frameworks */ = {
			isa = PBXFrameworksBuildPhase;
			buildActionMask = 2147483647;
			files = (
			);
			runOnlyForDeploymentPostprocessing = 0;
		};
		93AE613F289AB2DA003E7CFA /* Frameworks */ = {
			isa = PBXFrameworksBuildPhase;
			buildActionMask = 2147483647;
			files = (
				93AE6143289AB2DA003E7CFA /* EasyManageFiles.framework in Frameworks */,
			);
			runOnlyForDeploymentPostprocessing = 0;
		};
/* End PBXFrameworksBuildPhase section */

/* Begin PBXGroup section */
		93AE612E289AB2DA003E7CFA = {
			isa = PBXGroup;
			children = (
				93AE613A289AB2DA003E7CFA /* EasyManageFiles */,
				93AE6146289AB2DA003E7CFA /* EasyManageFilesTests */,
				93AE6139289AB2DA003E7CFA /* Products */,
				93AE615B289AB326003E7CFA /* Frameworks */,
			);
			sourceTree = "<group>";
		};
		93AE6139289AB2DA003E7CFA /* Products */ = {
			isa = PBXGroup;
			children = (
				93AE6138289AB2DA003E7CFA /* EasyManageFiles.framework */,
				93AE6142289AB2DA003E7CFA /* EasyManageFilesTests.xctest */,
			);
			name = Products;
			sourceTree = "<group>";
		};
		93AE613A289AB2DA003E7CFA /* EasyManageFiles */ = {
			isa = PBXGroup;
			children = (
				93AE613B289AB2DA003E7CFA /* EasyManageFiles.h */,
				93AE613C289AB2DA003E7CFA /* EasyManageFiles.docc */,
				93AE6166289AB407003E7CFA /* EasyManageFiles.swift */,
			);
			path = EasyManageFiles;
			sourceTree = "<group>";
		};
		93AE6146289AB2DA003E7CFA /* EasyManageFilesTests */ = {
			isa = PBXGroup;
			children = (
				93AE6147289AB2DA003E7CFA /* EasyManageFilesTests.swift */,
			);
			path = EasyManageFilesTests;
			sourceTree = "<group>";
		};
		93AE615B289AB326003E7CFA /* Frameworks */ = {
			isa = PBXGroup;
			children = (
			);
			name = Frameworks;
			sourceTree = "<group>";
		};
/* End PBXGroup section */

/* Begin PBXHeadersBuildPhase section */
		93AE6133289AB2DA003E7CFA /* Headers */ = {
			isa = PBXHeadersBuildPhase;
			buildActionMask = 2147483647;
			files = (
				93AE6149289AB2DA003E7CFA /* EasyManageFiles.h in Headers */,
			);
			runOnlyForDeploymentPostprocessing = 0;
		};
/* End PBXHeadersBuildPhase section */

/* Begin PBXNativeTarget section */
		93AE6137289AB2DA003E7CFA /* EasyManageFiles */ = {
			isa = PBXNativeTarget;
			buildConfigurationList = 93AE614C289AB2DA003E7CFA /* Build configuration list for PBXNativeTarget "EasyManageFiles" */;
			buildPhases = (
				93AE6133289AB2DA003E7CFA /* Headers */,
				93AE6134289AB2DA003E7CFA /* Sources */,
				93AE6135289AB2DA003E7CFA /* Frameworks */,
				93AE6136289AB2DA003E7CFA /* Resources */,
			);
			buildRules = (
			);
			dependencies = (
			);
			name = EasyManageFiles;
			productName = EasyManageFiles;
			productReference = 93AE6138289AB2DA003E7CFA /* EasyManageFiles.framework */;
			productType = "com.apple.product-type.framework";
		};
		93AE6141289AB2DA003E7CFA /* EasyManageFilesTests */ = {
			isa = PBXNativeTarget;
			buildConfigurationList = 93AE614F289AB2DA003E7CFA /* Build configuration list for PBXNativeTarget "EasyManageFilesTests" */;
			buildPhases = (
				93AE613E289AB2DA003E7CFA /* Sources */,
				93AE613F289AB2DA003E7CFA /* Frameworks */,
				93AE6140289AB2DA003E7CFA /* Resources */,
			);
			buildRules = (
			);
			dependencies = (
				93AE6145289AB2DA003E7CFA /* PBXTargetDependency */,
			);
			name = EasyManageFilesTests;
			productName = EasyManageFilesTests;
			productReference = 93AE6142289AB2DA003E7CFA /* EasyManageFilesTests.xctest */;
			productType = "com.apple.product-type.bundle.unit-test";
		};
/* End PBXNativeTarget section */

/* Begin PBXProject section */
		93AE612F289AB2DA003E7CFA /* Project object */ = {
			isa = PBXProject;
			attributes = {
				BuildIndependentTargetsInParallel = 1;
				LastSwiftUpdateCheck = 1340;
				LastUpgradeCheck = 1340;
				TargetAttributes = {
					93AE6137289AB2DA003E7CFA = {
						CreatedOnToolsVersion = 13.4.1;
					};
					93AE6141289AB2DA003E7CFA = {
						CreatedOnToolsVersion = 13.4.1;
					};
				};
			};
			buildConfigurationList = 93AE6132289AB2DA003E7CFA /* Build configuration list for PBXProject "EasyManageFiles" */;
			compatibilityVersion = "Xcode 13.0";
			developmentRegion = en;
			hasScannedForEncodings = 0;
			knownRegions = (
				en,
				Base,
			);
			mainGroup = 93AE612E289AB2DA003E7CFA;
			productRefGroup = 93AE6139289AB2DA003E7CFA /* Products */;
			projectDirPath = "";
			projectRoot = "";
			targets = (
				93AE6137289AB2DA003E7CFA /* EasyManageFiles */,
				93AE6141289AB2DA003E7CFA /* EasyManageFilesTests */,
			);
		};
/* End PBXProject section */

/* Begin PBXResourcesBuildPhase section */
		93AE6136289AB2DA003E7CFA /* Resources */ = {
			isa = PBXResourcesBuildPhase;
			buildActionMask = 2147483647;
			files = (
			);
			runOnlyForDeploymentPostprocessing = 0;
		};
		93AE6140289AB2DA003E7CFA /* Resources */ = {
			isa = PBXResourcesBuildPhase;
			buildActionMask = 2147483647;
			files = (
			);
			runOnlyForDeploymentPostprocessing = 0;
		};
/* End PBXResourcesBuildPhase section */

/* Begin PBXSourcesBuildPhase section */
		93AE6134289AB2DA003E7CFA /* Sources */ = {
			isa = PBXSourcesBuildPhase;
			buildActionMask = 2147483647;
			files = (
				93AE6167289AB407003E7CFA /* EasyManageFiles.swift in Sources */,
				93AE613D289AB2DA003E7CFA /* EasyManageFiles.docc in Sources */,
			);
			runOnlyForDeploymentPostprocessing = 0;
		};
		93AE613E289AB2DA003E7CFA /* Sources */ = {
			isa = PBXSourcesBuildPhase;
			buildActionMask = 2147483647;
			files = (
				93AE6148289AB2DA003E7CFA /* EasyManageFilesTests.swift in Sources */,
			);
			runOnlyForDeploymentPostprocessing = 0;
		};
/* End PBXSourcesBuildPhase section */

/* Begin PBXTargetDependency section */
		93AE6145289AB2DA003E7CFA /* PBXTargetDependency */ = {
			isa = PBXTargetDependency;
			target = 93AE6137289AB2DA003E7CFA /* EasyManageFiles */;
			targetProxy = 93AE6144289AB2DA003E7CFA /* PBXContainerItemProxy */;
		};
/* End PBXTargetDependency section */

/* Begin XCBuildConfiguration section */
		93AE614A289AB2DA003E7CFA /* Debug */ = {
			isa = XCBuildConfiguration;
			buildSettings = {
				ALWAYS_SEARCH_USER_PATHS = NO;
				CLANG_ANALYZER_NONNULL = YES;
				CLANG_ANALYZER_NUMBER_OBJECT_CONVERSION = YES_AGGRESSIVE;
				CLANG_CXX_LANGUAGE_STANDARD = "gnu++17";
				CLANG_ENABLE_MODULES = YES;
				CLANG_ENABLE_OBJC_ARC = YES;
				CLANG_ENABLE_OBJC_WEAK = YES;
				CLANG_WARN_BLOCK_CAPTURE_AUTORELEASING = YES;
				CLANG_WARN_BOOL_CONVERSION = YES;
				CLANG_WARN_COMMA = YES;
				CLANG_WARN_CONSTANT_CONVERSION = YES;
				CLANG_WARN_DEPRECATED_OBJC_IMPLEMENTATIONS = YES;
				CLANG_WARN_DIRECT_OBJC_ISA_USAGE = YES_ERROR;
				CLANG_WARN_DOCUMENTATION_COMMENTS = YES;
				CLANG_WARN_EMPTY_BODY = YES;
				CLANG_WARN_ENUM_CONVERSION = YES;
				CLANG_WARN_INFINITE_RECURSION = YES;
				CLANG_WARN_INT_CONVERSION = YES;
				CLANG_WARN_NON_LITERAL_NULL_CONVERSION = YES;
				CLANG_WARN_OBJC_IMPLICIT_RETAIN_SELF = YES;
				CLANG_WARN_OBJC_LITERAL_CONVERSION = YES;
				CLANG_WARN_OBJC_ROOT_CLASS = YES_ERROR;
				CLANG_WARN_QUOTED_INCLUDE_IN_FRAMEWORK_HEADER = YES;
				CLANG_WARN_RANGE_LOOP_ANALYSIS = YES;
				CLANG_WARN_STRICT_PROTOTYPES = YES;
				CLANG_WARN_SUSPICIOUS_MOVE = YES;
				CLANG_WARN_UNGUARDED_AVAILABILITY = YES_AGGRESSIVE;
				CLANG_WARN_UNREACHABLE_CODE = YES;
				CLANG_WARN__DUPLICATE_METHOD_MATCH = YES;
				COPY_PHASE_STRIP = NO;
				CURRENT_PROJECT_VERSION = 1;
				DEBUG_INFORMATION_FORMAT = dwarf;
				ENABLE_STRICT_OBJC_MSGSEND = YES;
				ENABLE_TESTABILITY = YES;
				GCC_C_LANGUAGE_STANDARD = gnu11;
				GCC_DYNAMIC_NO_PIC = NO;
				GCC_NO_COMMON_BLOCKS = YES;
				GCC_OPTIMIZATION_LEVEL = 0;
				GCC_PREPROCESSOR_DEFINITIONS = (
					"DEBUG=1",
					"$(inherited)",
				);
				GCC_WARN_64_TO_32_BIT_CONVERSION = YES;
				GCC_WARN_ABOUT_RETURN_TYPE = YES_ERROR;
				GCC_WARN_UNDECLARED_SELECTOR = YES;
				GCC_WARN_UNINITIALIZED_AUTOS = YES_AGGRESSIVE;
				GCC_WARN_UNUSED_FUNCTION = YES;
				GCC_WARN_UNUSED_VARIABLE = YES;
				IPHONEOS_DEPLOYMENT_TARGET = 13.0;
				MTL_ENABLE_DEBUG_INFO = INCLUDE_SOURCE;
				MTL_FAST_MATH = YES;
				ONLY_ACTIVE_ARCH = YES;
				SDKROOT = iphoneos;
				SWIFT_ACTIVE_COMPILATION_CONDITIONS = DEBUG;
				SWIFT_OPTIMIZATION_LEVEL = "-Onone";
				VERSIONING_SYSTEM = "apple-generic";
				VERSION_INFO_PREFIX = "";
			};
			name = Debug;
		};
		93AE614B289AB2DA003E7CFA /* Release */ = {
			isa = XCBuildConfiguration;
			buildSettings = {
				ALWAYS_SEARCH_USER_PATHS = NO;
				CLANG_ANALYZER_NONNULL = YES;
				CLANG_ANALYZER_NUMBER_OBJECT_CONVERSION = YES_AGGRESSIVE;
				CLANG_CXX_LANGUAGE_STANDARD = "gnu++17";
				CLANG_ENABLE_MODULES = YES;
				CLANG_ENABLE_OBJC_ARC = YES;
				CLANG_ENABLE_OBJC_WEAK = YES;
				CLANG_WARN_BLOCK_CAPTURE_AUTORELEASING = YES;
				CLANG_WARN_BOOL_CONVERSION = YES;
				CLANG_WARN_COMMA = YES;
				CLANG_WARN_CONSTANT_CONVERSION = YES;
				CLANG_WARN_DEPRECATED_OBJC_IMPLEMENTATIONS = YES;
				CLANG_WARN_DIRECT_OBJC_ISA_USAGE = YES_ERROR;
				CLANG_WARN_DOCUMENTATION_COMMENTS = YES;
				CLANG_WARN_EMPTY_BODY = YES;
				CLANG_WARN_ENUM_CONVERSION = YES;
				CLANG_WARN_INFINITE_RECURSION = YES;
				CLANG_WARN_INT_CONVERSION = YES;
				CLANG_WARN_NON_LITERAL_NULL_CONVERSION = YES;
				CLANG_WARN_OBJC_IMPLICIT_RETAIN_SELF = YES;
				CLANG_WARN_OBJC_LITERAL_CONVERSION = YES;
				CLANG_WARN_OBJC_ROOT_CLASS = YES_ERROR;
				CLANG_WARN_QUOTED_INCLUDE_IN_FRAMEWORK_HEADER = YES;
				CLANG_WARN_RANGE_LOOP_ANALYSIS = YES;
				CLANG_WARN_STRICT_PROTOTYPES = YES;
				CLANG_WARN_SUSPICIOUS_MOVE = YES;
				CLANG_WARN_UNGUARDED_AVAILABILITY = YES_AGGRESSIVE;
				CLANG_WARN_UNREACHABLE_CODE = YES;
				CLANG_WARN__DUPLICATE_METHOD_MATCH = YES;
				COPY_PHASE_STRIP = NO;
				CURRENT_PROJECT_VERSION = 1;
				DEBUG_INFORMATION_FORMAT = "dwarf-with-dsym";
				ENABLE_NS_ASSERTIONS = NO;
				ENABLE_STRICT_OBJC_MSGSEND = YES;
				GCC_C_LANGUAGE_STANDARD = gnu11;
				GCC_NO_COMMON_BLOCKS = YES;
				GCC_WARN_64_TO_32_BIT_CONVERSION = YES;
				GCC_WARN_ABOUT_RETURN_TYPE = YES_ERROR;
				GCC_WARN_UNDECLARED_SELECTOR = YES;
				GCC_WARN_UNINITIALIZED_AUTOS = YES_AGGRESSIVE;
				GCC_WARN_UNUSED_FUNCTION = YES;
				GCC_WARN_UNUSED_VARIABLE = YES;
				IPHONEOS_DEPLOYMENT_TARGET = 13.0;
				MTL_ENABLE_DEBUG_INFO = NO;
				MTL_FAST_MATH = YES;
				SDKROOT = iphoneos;
				SWIFT_COMPILATION_MODE = wholemodule;
				SWIFT_OPTIMIZATION_LEVEL = "-O";
				VALIDATE_PRODUCT = YES;
				VERSIONING_SYSTEM = "apple-generic";
				VERSION_INFO_PREFIX = "";
			};
			name = Release;
		};
		93AE614D289AB2DA003E7CFA /* Debug */ = {
			isa = XCBuildConfiguration;
			buildSettings = {
				CODE_SIGN_STYLE = Automatic;
				CURRENT_PROJECT_VERSION = 1;
				DEFINES_MODULE = YES;
				DEVELOPMENT_TEAM = ZX8LBHXXZB;
				DYLIB_COMPATIBILITY_VERSION = 1;
				DYLIB_CURRENT_VERSION = 1;
				DYLIB_INSTALL_NAME_BASE = "@rpath";
				GENERATE_INFOPLIST_FILE = YES;
				INFOPLIST_KEY_NSHumanReadableCopyright = "";
				INSTALL_PATH = "$(LOCAL_LIBRARY_DIR)/Frameworks";
				IPHONEOS_DEPLOYMENT_TARGET = 13.0;
				LD_RUNPATH_SEARCH_PATHS = (
					"$(inherited)",
					"@executable_path/Frameworks",
					"@loader_path/Frameworks",
				);
				MARKETING_VERSION = 1.0;
				PRODUCT_BUNDLE_IDENTIFIER = haiphan.EasyManageFiles;
				PRODUCT_NAME = "$(TARGET_NAME:c99extidentifier)";
				SKIP_INSTALL = YES;
				SWIFT_EMIT_LOC_STRINGS = YES;
				SWIFT_VERSION = 5.0;
				TARGETED_DEVICE_FAMILY = "1,2";
			};
			name = Debug;
		};
		93AE614E289AB2DA003E7CFA /* Release */ = {
			isa = XCBuildConfiguration;
			buildSettings = {
				CODE_SIGN_STYLE = Automatic;
				CURRENT_PROJECT_VERSION = 1;
				DEFINES_MODULE = YES;
				DEVELOPMENT_TEAM = ZX8LBHXXZB;
				DYLIB_COMPATIBILITY_VERSION = 1;
				DYLIB_CURRENT_VERSION = 1;
				DYLIB_INSTALL_NAME_BASE = "@rpath";
				GENERATE_INFOPLIST_FILE = YES;
				INFOPLIST_KEY_NSHumanReadableCopyright = "";
				INSTALL_PATH = "$(LOCAL_LIBRARY_DIR)/Frameworks";
				IPHONEOS_DEPLOYMENT_TARGET = 13.0;
				LD_RUNPATH_SEARCH_PATHS = (
					"$(inherited)",
					"@executable_path/Frameworks",
					"@loader_path/Frameworks",
				);
				MARKETING_VERSION = 1.0;
				PRODUCT_BUNDLE_IDENTIFIER = haiphan.EasyManageFiles;
				PRODUCT_NAME = "$(TARGET_NAME:c99extidentifier)";
				SKIP_INSTALL = YES;
				SWIFT_EMIT_LOC_STRINGS = YES;
				SWIFT_VERSION = 5.0;
				TARGETED_DEVICE_FAMILY = "1,2";
			};
			name = Release;
		};
		93AE6150289AB2DA003E7CFA /* Debug */ = {
			isa = XCBuildConfiguration;
			buildSettings = {
				ALWAYS_EMBED_SWIFT_STANDARD_LIBRARIES = YES;
				CODE_SIGN_STYLE = Automatic;
				CURRENT_PROJECT_VERSION = 1;
				DEVELOPMENT_TEAM = ZX8LBHXXZB;
				GENERATE_INFOPLIST_FILE = YES;
				MARKETING_VERSION = 1.0;
				PRODUCT_BUNDLE_IDENTIFIER = haiphan.EasyManageFilesTests;
				PRODUCT_NAME = "$(TARGET_NAME)";
				SWIFT_EMIT_LOC_STRINGS = NO;
				SWIFT_VERSION = 5.0;
				TARGETED_DEVICE_FAMILY = "1,2";
			};
			name = Debug;
		};
		93AE6151289AB2DA003E7CFA /* Release */ = {
			isa = XCBuildConfiguration;
			buildSettings = {
				ALWAYS_EMBED_SWIFT_STANDARD_LIBRARIES = YES;
				CODE_SIGN_STYLE = Automatic;
				CURRENT_PROJECT_VERSION = 1;
				DEVELOPMENT_TEAM = ZX8LBHXXZB;
				GENERATE_INFOPLIST_FILE = YES;
				MARKETING_VERSION = 1.0;
				PRODUCT_BUNDLE_IDENTIFIER = haiphan.EasyManageFilesTests;
				PRODUCT_NAME = "$(TARGET_NAME)";
				SWIFT_EMIT_LOC_STRINGS = NO;
				SWIFT_VERSION = 5.0;
				TARGETED_DEVICE_FAMILY = "1,2";
			};
			name = Release;
		};
/* End XCBuildConfiguration section */

/* Begin XCConfigurationList section */
		93AE6132289AB2DA003E7CFA /* Build configuration list for PBXProject "EasyManageFiles" */ = {
			isa = XCConfigurationList;
			buildConfigurations = (
				93AE614A289AB2DA003E7CFA /* Debug */,
				93AE614B289AB2DA003E7CFA /* Release */,
			);
			defaultConfigurationIsVisible = 0;
			defaultConfigurationName = Release;
		};
		93AE614C289AB2DA003E7CFA /* Build configuration list for PBXNativeTarget "EasyManageFiles" */ = {
			isa = XCConfigurationList;
			buildConfigurations = (
				93AE614D289AB2DA003E7CFA /* Debug */,
				93AE614E289AB2DA003E7CFA /* Release */,
			);
			defaultConfigurationIsVisible = 0;
			defaultConfigurationName = Release;
		};
		93AE614F289AB2DA003E7CFA /* Build configuration list for PBXNativeTarget "EasyManageFilesTests" */ = {
			isa = XCConfigurationList;
			buildConfigurations = (
				93AE6150289AB2DA003E7CFA /* Debug */,
				93AE6151289AB2DA003E7CFA /* Release */,
			);
			defaultConfigurationIsVisible = 0;
			defaultConfigurationName = Release;
		};
/* End XCConfigurationList section */
	};
	rootObject = 93AE612F289AB2DA003E7CFA /* Project object */;
}
